// !$*UTF8*$!
{
	archiveVersion = 1;
	classes = {
	};
	objectVersion = 46;
	objects = {

/* Begin PBXBuildFile section */
		C33644C61B86D75100450934 /* GIOSLibrary.h in CopyFiles */ = {isa = PBXBuildFile; fileRef = C33644C51B86D75100450934 /* GIOSLibrary.h */; };
		C33644C81B86D75100450934 /* GIOSLibrary.m in Sources */ = {isa = PBXBuildFile; fileRef = C33644C71B86D75100450934 /* GIOSLibrary.m */; };
		C36A4DD21BB3BFEA0028009B /* GIOSCollectionHelper.m in Sources */ = {isa = PBXBuildFile; fileRef = C36A4DCE1BB3BFEA0028009B /* GIOSCollectionHelper.m */; settings = {ASSET_TAGS = (); }; };
		C36A4DD31BB3BFEA0028009B /* GIOSStringHelper.m in Sources */ = {isa = PBXBuildFile; fileRef = C36A4DD01BB3BFEA0028009B /* GIOSStringHelper.m */; settings = {ASSET_TAGS = (); }; };
		C37468D91BB26B8400C5463D /* GIOSDefine.h in CopyFiles */ = {isa = PBXBuildFile; fileRef = C37468D81BB26A4300C5463D /* GIOSDefine.h */; };
/* End PBXBuildFile section */

/* Begin PBXCopyFilesBuildPhase section */
		C33644C01B86D75100450934 /* CopyFiles */ = {
			isa = PBXCopyFilesBuildPhase;
			buildActionMask = 2147483647;
			dstPath = "include/$(PRODUCT_NAME)";
			dstSubfolderSpec = 16;
			files = (
				C37468D91BB26B8400C5463D /* GIOSDefine.h in CopyFiles */,
				C33644C61B86D75100450934 /* GIOSLibrary.h in CopyFiles */,
			);
			runOnlyForDeploymentPostprocessing = 0;
		};
/* End PBXCopyFilesBuildPhase section */

/* Begin PBXFileReference section */
		C33644C21B86D75100450934 /* libGIOSLibrary.a */ = {isa = PBXFileReference; explicitFileType = archive.ar; includeInIndex = 0; path = libGIOSLibrary.a; sourceTree = BUILT_PRODUCTS_DIR; };
		C33644C51B86D75100450934 /* GIOSLibrary.h */ = {isa = PBXFileReference; lastKnownFileType = sourcecode.c.h; path = GIOSLibrary.h; sourceTree = "<group>"; };
		C33644C71B86D75100450934 /* GIOSLibrary.m */ = {isa = PBXFileReference; lastKnownFileType = sourcecode.c.objc; path = GIOSLibrary.m; sourceTree = "<group>"; };
		C36A4DCE1BB3BFEA0028009B /* GIOSCollectionHelper.m */ = {isa = PBXFileReference; fileEncoding = 4; lastKnownFileType = sourcecode.c.objc; path = GIOSCollectionHelper.m; sourceTree = "<group>"; };
		C36A4DCF1BB3BFEA0028009B /* GIOSCollectionHelper.h */ = {isa = PBXFileReference; fileEncoding = 4; lastKnownFileType = sourcecode.c.h; path = GIOSCollectionHelper.h; sourceTree = "<group>"; };
		C36A4DD01BB3BFEA0028009B /* GIOSStringHelper.m */ = {isa = PBXFileReference; fileEncoding = 4; lastKnownFileType = sourcecode.c.objc; path = GIOSStringHelper.m; sourceTree = "<group>"; };
		C36A4DD11BB3BFEA0028009B /* GIOSStringHelper.h */ = {isa = PBXFileReference; fileEncoding = 4; lastKnownFileType = sourcecode.c.h; path = GIOSStringHelper.h; sourceTree = "<group>"; };
		C37467DA1BB2651600C5463D /* PrefixHeader.pch */ = {isa = PBXFileReference; lastKnownFileType = sourcecode.c.h; path = PrefixHeader.pch; sourceTree = "<group>"; };
		C37467DC1BB2670500C5463D /* GIOSKit.h */ = {isa = PBXFileReference; fileEncoding = 4; lastKnownFileType = sourcecode.c.h; path = GIOSKit.h; sourceTree = "<group>"; };
		C37468D81BB26A4300C5463D /* GIOSDefine.h */ = {isa = PBXFileReference; fileEncoding = 4; lastKnownFileType = sourcecode.c.h; path = GIOSDefine.h; sourceTree = "<group>"; };
/* End PBXFileReference section */

/* Begin PBXFrameworksBuildPhase section */
		C33644BF1B86D75100450934 /* Frameworks */ = {
			isa = PBXFrameworksBuildPhase;
			buildActionMask = 2147483647;
			files = (
			);
			runOnlyForDeploymentPostprocessing = 0;
		};
/* End PBXFrameworksBuildPhase section */

/* Begin PBXGroup section */
		C33644B91B86D75100450934 = {
			isa = PBXGroup;
			children = (
				C33644C41B86D75100450934 /* GIOSLibrary */,
				C33644C31B86D75100450934 /* Products */,
			);
			sourceTree = "<group>";
		};
		C33644C31B86D75100450934 /* Products */ = {
			isa = PBXGroup;
			children = (
				C33644C21B86D75100450934 /* libGIOSLibrary.a */,
			);
			name = Products;
			sourceTree = "<group>";
		};
		C33644C41B86D75100450934 /* GIOSLibrary */ = {
			isa = PBXGroup;
			children = (
				C33644C51B86D75100450934 /* GIOSLibrary.h */,
				C33644C71B86D75100450934 /* GIOSLibrary.m */,
				C36A4DD41BB3C0E00028009B /* GIOSDataStoreKit */,
				C36A4DD51BB3C0E00028009B /* GIOSNetWorkKit */,
				C36A4DD61BB3C0E00028009B /* GIOSUIKit */,
				C37467DB1BB2670500C5463D /* GIOSLibKit */,
				C336454C1B87139C00450934 /* GIOSUtils */,
				C37467D91BB2646F00C5463D /* Supporting Files */,
			);
			path = GIOSLibrary;
			sourceTree = "<group>";
		};
		C336454C1B87139C00450934 /* GIOSUtils */ = {
			isa = PBXGroup;
			children = (
				C36A4DCE1BB3BFEA0028009B /* GIOSCollectionHelper.m */,
				C36A4DCF1BB3BFEA0028009B /* GIOSCollectionHelper.h */,
				C36A4DD01BB3BFEA0028009B /* GIOSStringHelper.m */,
				C36A4DD11BB3BFEA0028009B /* GIOSStringHelper.h */,
			);
			path = GIOSUtils;
			sourceTree = "<group>";
		};
		C36A4DD41BB3C0E00028009B /* GIOSDataStoreKit */ = {
			isa = PBXGroup;
			children = (
			);
			path = GIOSDataStoreKit;
			sourceTree = "<group>";
		};
		C36A4DD51BB3C0E00028009B /* GIOSNetWorkKit */ = {
			isa = PBXGroup;
			children = (
			);
			path = GIOSNetWorkKit;
			sourceTree = "<group>";
		};
		C36A4DD61BB3C0E00028009B /* GIOSUIKit */ = {
			isa = PBXGroup;
			children = (
			);
			path = GIOSUIKit;
			sourceTree = "<group>";
		};
		C37467D91BB2646F00C5463D /* Supporting Files */ = {
			isa = PBXGroup;
			children = (
				C37467DA1BB2651600C5463D /* PrefixHeader.pch */,
			);
			name = "Supporting Files";
			sourceTree = "<group>";
		};
		C37467DB1BB2670500C5463D /* GIOSLibKit */ = {
			isa = PBXGroup;
			children = (
				C37468D81BB26A4300C5463D /* GIOSDefine.h */,
				C37467DC1BB2670500C5463D /* GIOSKit.h */,
			);
			path = GIOSLibKit;
			sourceTree = "<group>";
		};
/* End PBXGroup section */

/* Begin PBXNativeTarget section */
		C33644C11B86D75100450934 /* GIOSLibrary */ = {
			isa = PBXNativeTarget;
			buildConfigurationList = C33644D61B86D75100450934 /* Build configuration list for PBXNativeTarget "GIOSLibrary" */;
			buildPhases = (
				C33644BE1B86D75100450934 /* Sources */,
				C33644BF1B86D75100450934 /* Frameworks */,
				C33644C01B86D75100450934 /* CopyFiles */,
			);
			buildRules = (
			);
			dependencies = (
			);
			name = GIOSLibrary;
			productName = GIOSLibrary;
			productReference = C33644C21B86D75100450934 /* libGIOSLibrary.a */;
			productType = "com.apple.product-type.library.static";
		};
/* End PBXNativeTarget section */

/* Begin PBXProject section */
		C33644BA1B86D75100450934 /* Project object */ = {
			isa = PBXProject;
			attributes = {
				LastUpgradeCheck = 0640;
				ORGANIZATIONNAME = liufuyin;
				TargetAttributes = {
					C33644C11B86D75100450934 = {
						CreatedOnToolsVersion = 6.4;
					};
				};
			};
			buildConfigurationList = C33644BD1B86D75100450934 /* Build configuration list for PBXProject "GIOSLibrary" */;
			compatibilityVersion = "Xcode 3.2";
			developmentRegion = English;
			hasScannedForEncodings = 0;
			knownRegions = (
				en,
			);
			mainGroup = C33644B91B86D75100450934;
			productRefGroup = C33644C31B86D75100450934 /* Products */;
			projectDirPath = "";
			projectRoot = "";
			targets = (
				C33644C11B86D75100450934 /* GIOSLibrary */,
			);
		};
/* End PBXProject section */

/* Begin PBXSourcesBuildPhase section */
		C33644BE1B86D75100450934 /* Sources */ = {
			isa = PBXSourcesBuildPhase;
			buildActionMask = 2147483647;
			files = (
				C33644C81B86D75100450934 /* GIOSLibrary.m in Sources */,
				C36A4DD31BB3BFEA0028009B /* GIOSStringHelper.m in Sources */,
				C36A4DD21BB3BFEA0028009B /* GIOSCollectionHelper.m in Sources */,
			);
			runOnlyForDeploymentPostprocessing = 0;
		};
/* End PBXSourcesBuildPhase section */

/* Begin XCBuildConfiguration section */
		C33644D41B86D75100450934 /* Debug */ = {
			isa = XCBuildConfiguration;
			buildSettings = {
				ALWAYS_SEARCH_USER_PATHS = NO;
				CLANG_CXX_LANGUAGE_STANDARD = "gnu++0x";
				CLANG_CXX_LIBRARY = "libc++";
				CLANG_ENABLE_MODULES = YES;
				CLANG_ENABLE_OBJC_ARC = YES;
				CLANG_WARN_BOOL_CONVERSION = YES;
				CLANG_WARN_CONSTANT_CONVERSION = YES;
				CLANG_WARN_DIRECT_OBJC_ISA_USAGE = YES_ERROR;
				CLANG_WARN_EMPTY_BODY = YES;
				CLANG_WARN_ENUM_CONVERSION = YES;
				CLANG_WARN_INT_CONVERSION = YES;
				CLANG_WARN_OBJC_ROOT_CLASS = YES_ERROR;
				CLANG_WARN_UNREACHABLE_CODE = YES;
				CLANG_WARN__DUPLICATE_METHOD_MATCH = YES;
				COPY_PHASE_STRIP = NO;
				DEBUG_INFORMATION_FORMAT = "dwarf-with-dsym";
				ENABLE_STRICT_OBJC_MSGSEND = YES;
				GCC_C_LANGUAGE_STANDARD = gnu99;
				GCC_DYNAMIC_NO_PIC = NO;
				GCC_NO_COMMON_BLOCKS = YES;
				GCC_OPTIMIZATION_LEVEL = 0;
				GCC_PREPROCESSOR_DEFINITIONS = (
					"DEBUG=1",
					"$(inherited)",
				);
				GCC_SYMBOLS_PRIVATE_EXTERN = NO;
				GCC_WARN_64_TO_32_BIT_CONVERSION = YES;
				GCC_WARN_ABOUT_RETURN_TYPE = YES_ERROR;
				GCC_WARN_UNDECLARED_SELECTOR = YES;
				GCC_WARN_UNINITIALIZED_AUTOS = YES_AGGRESSIVE;
				GCC_WARN_UNUSED_FUNCTION = YES;
				GCC_WARN_UNUSED_VARIABLE = YES;
				IPHONEOS_DEPLOYMENT_TARGET = 6.0;
				MTL_ENABLE_DEBUG_INFO = YES;
				ONLY_ACTIVE_ARCH = YES;
				SDKROOT = iphoneos;
			};
			name = Debug;
		};
		C33644D51B86D75100450934 /* Release */ = {
			isa = XCBuildConfiguration;
			buildSettings = {
				ALWAYS_SEARCH_USER_PATHS = NO;
				CLANG_CXX_LANGUAGE_STANDARD = "gnu++0x";
				CLANG_CXX_LIBRARY = "libc++";
				CLANG_ENABLE_MODULES = YES;
				CLANG_ENABLE_OBJC_ARC = YES;
				CLANG_WARN_BOOL_CONVERSION = YES;
				CLANG_WARN_CONSTANT_CONVERSION = YES;
				CLANG_WARN_DIRECT_OBJC_ISA_USAGE = YES_ERROR;
				CLANG_WARN_EMPTY_BODY = YES;
				CLANG_WARN_ENUM_CONVERSION = YES;
				CLANG_WARN_INT_CONVERSION = YES;
				CLANG_WARN_OBJC_ROOT_CLASS = YES_ERROR;
				CLANG_WARN_UNREACHABLE_CODE = YES;
				CLANG_WARN__DUPLICATE_METHOD_MATCH = YES;
				COPY_PHASE_STRIP = NO;
				DEBUG_INFORMATION_FORMAT = "dwarf-with-dsym";
				ENABLE_NS_ASSERTIONS = NO;
				ENABLE_STRICT_OBJC_MSGSEND = YES;
				GCC_C_LANGUAGE_STANDARD = gnu99;
				GCC_NO_COMMON_BLOCKS = YES;
				GCC_WARN_64_TO_32_BIT_CONVERSION = YES;
				GCC_WARN_ABOUT_RETURN_TYPE = YES_ERROR;
				GCC_WARN_UNDECLARED_SELECTOR = YES;
				GCC_WARN_UNINITIALIZED_AUTOS = YES_AGGRESSIVE;
				GCC_WARN_UNUSED_FUNCTION = YES;
				GCC_WARN_UNUSED_VARIABLE = YES;
				IPHONEOS_DEPLOYMENT_TARGET = 6.0;
				MTL_ENABLE_DEBUG_INFO = NO;
				SDKROOT = iphoneos;
				VALIDATE_PRODUCT = YES;
			};
			name = Release;
		};
		C33644D71B86D75100450934 /* Debug */ = {
			isa = XCBuildConfiguration;
			buildSettings = {
				OTHER_LDFLAGS = "-ObjC";
				PRODUCT_NAME = "$(TARGET_NAME)";
				SKIP_INSTALL = YES;
			};
			name = Debug;
		};
		C33644D81B86D75100450934 /* Release */ = {
			isa = XCBuildConfiguration;
			buildSettings = {
				OTHER_LDFLAGS = "-ObjC";
				PRODUCT_NAME = "$(TARGET_NAME)";
				SKIP_INSTALL = YES;
			};
			name = Release;
		};
/* End XCBuildConfiguration section */

/* Begin XCConfigurationList section */
		C33644BD1B86D75100450934 /* Build configuration list for PBXProject "GIOSLibrary" */ = {
			isa = XCConfigurationList;
			buildConfigurations = (
				C33644D41B86D75100450934 /* Debug */,
				C33644D51B86D75100450934 /* Release */,
			);
			defaultConfigurationIsVisible = 0;
			defaultConfigurationName = Release;
		};
		C33644D61B86D75100450934 /* Build configuration list for PBXNativeTarget "GIOSLibrary" */ = {
			isa = XCConfigurationList;
			buildConfigurations = (
				C33644D71B86D75100450934 /* Debug */,
				C33644D81B86D75100450934 /* Release */,
			);
			defaultConfigurationIsVisible = 0;
			defaultConfigurationName = Release;
		};
/* End XCConfigurationList section */
	};
	rootObject = C33644BA1B86D75100450934 /* Project object */;
}
